
Microsoft Visual Studio Solution File, Format Version 12.00
Project("{FAE04EC0-301F-11D3-BF4B-00C04F79EFBC}") = "Hyzen.Console", "Hyzen.Console\Hyzen.Console.csproj", "{F5101CAB-EC4C-4711-9226-AF17CE986EFA}"
EndProject
Project("{FAE04EC0-301F-11D3-BF4B-00C04F79EFBC}") = "Hyzen.SDK", "Hyzen.SDK\Hyzen.SDK.csproj", "{5C990C77-92CC-4F9A-AE07-089011FEBAB2}"
EndProject
Global
	GlobalSection(SolutionConfigurationPlatforms) = preSolution
		Debug|Any CPU = Debug|Any CPU
		Release|Any CPU = Release|Any CPU
	EndGlobalSection
	GlobalSection(ProjectConfigurationPlatforms) = postSolution
		{F5101CAB-EC4C-4711-9226-AF17CE986EFA}.Debug|Any CPU.ActiveCfg = Debug|Any CPU
		{F5101CAB-EC4C-4711-9226-AF17CE986EFA}.Debug|Any CPU.Build.0 = Debug|Any CPU
		{F5101CAB-EC4C-4711-9226-AF17CE986EFA}.Release|Any CPU.ActiveCfg = Release|Any CPU
		{F5101CAB-EC4C-4711-9226-AF17CE986EFA}.Release|Any CPU.Build.0 = Release|Any CPU
		{5C990C77-92CC-4F9A-AE07-089011FEBAB2}.Debug|Any CPU.ActiveCfg = Debug|Any CPU
		{5C990C77-92CC-4F9A-AE07-089011FEBAB2}.Debug|Any CPU.Build.0 = Debug|Any CPU
		{5C990C77-92CC-4F9A-AE07-089011FEBAB2}.Release|Any CPU.ActiveCfg = Release|Any CPU
		{5C990C77-92CC-4F9A-AE07-089011FEBAB2}.Release|Any CPU.Build.0 = Release|Any CPU
	EndGlobalSection
EndGlobal
